
Microsoft Visual Studio Solution File, Format Version 12.00
# Visual Studio Version 16
VisualStudioVersion = 16.0.29613.14
MinimumVisualStudioVersion = 10.0.40219.1
Project("{FAE04EC0-301F-11D3-BF4B-00C04F79EFBC}") = "GestioneScuola", "GestioneScuola\GestioneScuola.csproj", "{4367ED2E-63F1-4EAA-8DE7-1FE137B2E911}"
EndProject
Global
	GlobalSection(SolutionConfigurationPlatforms) = preSolution
		Debug|Any CPU = Debug|Any CPU
		Release|Any CPU = Release|Any CPU
	EndGlobalSection
	GlobalSection(ProjectConfigurationPlatforms) = postSolution
		{4367ED2E-63F1-4EAA-8DE7-1FE137B2E911}.Debug|Any CPU.ActiveCfg = Debug|Any CPU
		{4367ED2E-63F1-4EAA-8DE7-1FE137B2E911}.Debug|Any CPU.Build.0 = Debug|Any CPU
		{4367ED2E-63F1-4EAA-8DE7-1FE137B2E911}.Release|Any CPU.ActiveCfg = Release|Any CPU
		{4367ED2E-63F1-4EAA-8DE7-1FE137B2E911}.Release|Any CPU.Build.0 = Release|Any CPU
	EndGlobalSection
	GlobalSection(SolutionProperties) = preSolution
		HideSolutionNode = FALSE
	EndGlobalSection
	GlobalSection(ExtensibilityGlobals) = postSolution
		SolutionGuid = {8A8E4C19-6A66-4A99-AB69-859375F1A97C}
	EndGlobalSection
EndGlobal
